
Microsoft Visual Studio Solution File, Format Version 12.00
# Visual Studio 15
Project("{FAE04EC0-301F-11D3-BF4B-00C04F79EFBC}") = "Coursework2", "Coursework2.csproj", "{FCB35015-9C1E-4B5E-B545-EC26B73E518A}"
EndProject
Global
	GlobalSection(SolutionConfigurationPlatforms) = preSolution
		Debug|Any CPU = Debug|Any CPU
		Release|Any CPU = Release|Any CPU
	EndGlobalSection
	GlobalSection(ProjectConfigurationPlatforms) = postSolution
		{FCB35015-9C1E-4B5E-B545-EC26B73E518A}.Debug|Any CPU.ActiveCfg = Debug|Any CPU
		{FCB35015-9C1E-4B5E-B545-EC26B73E518A}.Debug|Any CPU.Build.0 = Debug|Any CPU
		{FCB35015-9C1E-4B5E-B545-EC26B73E518A}.Release|Any CPU.ActiveCfg = Release|Any CPU
		{FCB35015-9C1E-4B5E-B545-EC26B73E518A}.Release|Any CPU.Build.0 = Release|Any CPU
	EndGlobalSection
EndGlobal
